
Microsoft Visual Studio Solution File, Format Version 12.00
# Visual Studio Version 17
VisualStudioVersion = 17.5.33502.453
MinimumVisualStudioVersion = 10.0.40219.1
Project("{FAE04EC0-301F-11D3-BF4B-00C04F79EFBC}") = "Nikolić_KT_Metoda", "Nikolić_KT_Metoda.csproj", "{3CD4CB4D-5B47-4DE9-A045-90FD6D3647D6}"
EndProject
Global
	GlobalSection(SolutionConfigurationPlatforms) = preSolution
		Debug|Any CPU = Debug|Any CPU
		Release|Any CPU = Release|Any CPU
	EndGlobalSection
	GlobalSection(ProjectConfigurationPlatforms) = postSolution
		{3CD4CB4D-5B47-4DE9-A045-90FD6D3647D6}.Debug|Any CPU.ActiveCfg = Debug|Any CPU
		{3CD4CB4D-5B47-4DE9-A045-90FD6D3647D6}.Debug|Any CPU.Build.0 = Debug|Any CPU
		{3CD4CB4D-5B47-4DE9-A045-90FD6D3647D6}.Release|Any CPU.ActiveCfg = Release|Any CPU
		{3CD4CB4D-5B47-4DE9-A045-90FD6D3647D6}.Release|Any CPU.Build.0 = Release|Any CPU
	EndGlobalSection
	GlobalSection(SolutionProperties) = preSolution
		HideSolutionNode = FALSE
	EndGlobalSection
	GlobalSection(ExtensibilityGlobals) = postSolution
		SolutionGuid = {F6663887-A9D6-4C2D-9A5F-1328A6AD20A4}
	EndGlobalSection
EndGlobal
